
Microsoft Visual Studio Solution File, Format Version 12.00
# Visual Studio Version 16
VisualStudioVersion = 16.0.32602.291
MinimumVisualStudioVersion = 10.0.40219.1
Project("{FAE04EC0-301F-11D3-BF4B-00C04F79EFBC}") = "FileDirOpdracht", "FileDirOpdracht\FileDirOpdracht.csproj", "{17603177-39A1-4501-A8F0-BE332404CD50}"
EndProject
Global
	GlobalSection(SolutionConfigurationPlatforms) = preSolution
		Debug|Any CPU = Debug|Any CPU
		Release|Any CPU = Release|Any CPU
	EndGlobalSection
	GlobalSection(ProjectConfigurationPlatforms) = postSolution
		{17603177-39A1-4501-A8F0-BE332404CD50}.Debug|Any CPU.ActiveCfg = Debug|Any CPU
		{17603177-39A1-4501-A8F0-BE332404CD50}.Debug|Any CPU.Build.0 = Debug|Any CPU
		{17603177-39A1-4501-A8F0-BE332404CD50}.Release|Any CPU.ActiveCfg = Release|Any CPU
		{17603177-39A1-4501-A8F0-BE332404CD50}.Release|Any CPU.Build.0 = Release|Any CPU
	EndGlobalSection
	GlobalSection(SolutionProperties) = preSolution
		HideSolutionNode = FALSE
	EndGlobalSection
	GlobalSection(ExtensibilityGlobals) = postSolution
		SolutionGuid = {4EBBC0C9-2F50-4BAE-BFF9-147267FD45F0}
	EndGlobalSection
EndGlobal
